
Microsoft Visual Studio Solution File, Format Version 12.00
# Visual Studio 2012
Project("{FAE04EC0-301F-11D3-BF4B-00C04F79EFBC}") = "Banco.Model", "Banco.Model\Banco.Model.csproj", "{5EBF8C10-DE3E-4494-97AC-89176A65401A}"
EndProject
Project("{FAE04EC0-301F-11D3-BF4B-00C04F79EFBC}") = "Banco.Business", "Banco.Business\Banco.Business.csproj", "{15B5FE9A-7840-47B5-951E-00C32CA32091}"
EndProject
Project("{FAE04EC0-301F-11D3-BF4B-00C04F79EFBC}") = "Banco.UnitTest", "Banco.UnitTest\Banco.UnitTest.csproj", "{D12BEB3A-38F7-47E7-9500-034554B9EE8E}"
EndProject
Project("{FAE04EC0-301F-11D3-BF4B-00C04F79EFBC}") = "Banco.Data", "Banco.Data\Banco.Data.csproj", "{C621104D-29DA-40EE-BBF4-49996BCAA0AA}"
EndProject
Global
	GlobalSection(SolutionConfigurationPlatforms) = preSolution
		Debug|Any CPU = Debug|Any CPU
		Release|Any CPU = Release|Any CPU
	EndGlobalSection
	GlobalSection(ProjectConfigurationPlatforms) = postSolution
		{5EBF8C10-DE3E-4494-97AC-89176A65401A}.Debug|Any CPU.ActiveCfg = Debug|Any CPU
		{5EBF8C10-DE3E-4494-97AC-89176A65401A}.Debug|Any CPU.Build.0 = Debug|Any CPU
		{5EBF8C10-DE3E-4494-97AC-89176A65401A}.Release|Any CPU.ActiveCfg = Release|Any CPU
		{5EBF8C10-DE3E-4494-97AC-89176A65401A}.Release|Any CPU.Build.0 = Release|Any CPU
		{15B5FE9A-7840-47B5-951E-00C32CA32091}.Debug|Any CPU.ActiveCfg = Debug|Any CPU
		{15B5FE9A-7840-47B5-951E-00C32CA32091}.Debug|Any CPU.Build.0 = Debug|Any CPU
		{15B5FE9A-7840-47B5-951E-00C32CA32091}.Release|Any CPU.ActiveCfg = Release|Any CPU
		{15B5FE9A-7840-47B5-951E-00C32CA32091}.Release|Any CPU.Build.0 = Release|Any CPU
		{D12BEB3A-38F7-47E7-9500-034554B9EE8E}.Debug|Any CPU.ActiveCfg = Debug|Any CPU
		{D12BEB3A-38F7-47E7-9500-034554B9EE8E}.Debug|Any CPU.Build.0 = Debug|Any CPU
		{D12BEB3A-38F7-47E7-9500-034554B9EE8E}.Release|Any CPU.ActiveCfg = Release|Any CPU
		{D12BEB3A-38F7-47E7-9500-034554B9EE8E}.Release|Any CPU.Build.0 = Release|Any CPU
		{C621104D-29DA-40EE-BBF4-49996BCAA0AA}.Debug|Any CPU.ActiveCfg = Debug|Any CPU
		{C621104D-29DA-40EE-BBF4-49996BCAA0AA}.Debug|Any CPU.Build.0 = Debug|Any CPU
		{C621104D-29DA-40EE-BBF4-49996BCAA0AA}.Release|Any CPU.ActiveCfg = Release|Any CPU
		{C621104D-29DA-40EE-BBF4-49996BCAA0AA}.Release|Any CPU.Build.0 = Release|Any CPU
	EndGlobalSection
	GlobalSection(SolutionProperties) = preSolution
		HideSolutionNode = FALSE
	EndGlobalSection
	GlobalSection(ExtensibilityGlobals) = postSolution
		EnterpriseLibraryConfigurationToolBinariesPathV6 = packages\EnterpriseLibrary.Common.6.0.1304.0\lib\NET45;packages\EnterpriseLibrary.Data.6.0.1304.0\lib\NET45
	EndGlobalSection
EndGlobal
